
Microsoft Visual Studio Solution File, Format Version 12.00
# Visual Studio 15
VisualStudioVersion = 15.0.27428.2015
MinimumVisualStudioVersion = 10.0.40219.1
Project("{FAE04EC0-301F-11D3-BF4B-00C04F79EFBC}") = "Lab3_1z", "Lab3_1z\Lab3_1z.csproj", "{43DDB0C8-350D-41D4-995D-E25044F907DC}"
EndProject
Global
	GlobalSection(SolutionConfigurationPlatforms) = preSolution
		Debug|Any CPU = Debug|Any CPU
		Release|Any CPU = Release|Any CPU
	EndGlobalSection
	GlobalSection(ProjectConfigurationPlatforms) = postSolution
		{43DDB0C8-350D-41D4-995D-E25044F907DC}.Debug|Any CPU.ActiveCfg = Debug|Any CPU
		{43DDB0C8-350D-41D4-995D-E25044F907DC}.Debug|Any CPU.Build.0 = Debug|Any CPU
		{43DDB0C8-350D-41D4-995D-E25044F907DC}.Release|Any CPU.ActiveCfg = Release|Any CPU
		{43DDB0C8-350D-41D4-995D-E25044F907DC}.Release|Any CPU.Build.0 = Release|Any CPU
	EndGlobalSection
	GlobalSection(SolutionProperties) = preSolution
		HideSolutionNode = FALSE
	EndGlobalSection
	GlobalSection(ExtensibilityGlobals) = postSolution
		SolutionGuid = {35047CEE-8AD4-41C6-9F7E-615BECC8A705}
	EndGlobalSection
EndGlobal
